
Microsoft Visual Studio Solution File, Format Version 12.00
# Visual Studio Version 16
VisualStudioVersion = 16.0.31313.79
MinimumVisualStudioVersion = 10.0.40219.1
Project("{FAE04EC0-301F-11D3-BF4B-00C04F79EFBC}") = "ReportRoadProblems", "ReportRoadProblems\ReportRoadProblems.csproj", "{C2E34D8E-E552-4778-A2FF-58598D106AD5}"
EndProject
Global
	GlobalSection(SolutionConfigurationPlatforms) = preSolution
		Debug|Any CPU = Debug|Any CPU
		Release|Any CPU = Release|Any CPU
	EndGlobalSection
	GlobalSection(ProjectConfigurationPlatforms) = postSolution
		{C2E34D8E-E552-4778-A2FF-58598D106AD5}.Debug|Any CPU.ActiveCfg = Debug|Any CPU
		{C2E34D8E-E552-4778-A2FF-58598D106AD5}.Debug|Any CPU.Build.0 = Debug|Any CPU
		{C2E34D8E-E552-4778-A2FF-58598D106AD5}.Release|Any CPU.ActiveCfg = Release|Any CPU
		{C2E34D8E-E552-4778-A2FF-58598D106AD5}.Release|Any CPU.Build.0 = Release|Any CPU
	EndGlobalSection
	GlobalSection(SolutionProperties) = preSolution
		HideSolutionNode = FALSE
	EndGlobalSection
	GlobalSection(ExtensibilityGlobals) = postSolution
		SolutionGuid = {F7C23343-601C-4662-911A-B2E3E6E63E52}
	EndGlobalSection
EndGlobal
